
Microsoft Visual Studio Solution File, Format Version 12.00
# Visual Studio Version 17
VisualStudioVersion = 17.3.32929.385
MinimumVisualStudioVersion = 10.0.40219.1
Project("{FAE04EC0-301F-11D3-BF4B-00C04F79EFBC}") = "C_Homework_1", "C_Homework_1.csproj", "{5AAD4FEA-81C5-4209-B8E4-7834F7568572}"
EndProject
Global
	GlobalSection(SolutionConfigurationPlatforms) = preSolution
		Debug|Any CPU = Debug|Any CPU
		Release|Any CPU = Release|Any CPU
	EndGlobalSection
	GlobalSection(ProjectConfigurationPlatforms) = postSolution
		{5AAD4FEA-81C5-4209-B8E4-7834F7568572}.Debug|Any CPU.ActiveCfg = Debug|Any CPU
		{5AAD4FEA-81C5-4209-B8E4-7834F7568572}.Debug|Any CPU.Build.0 = Debug|Any CPU
		{5AAD4FEA-81C5-4209-B8E4-7834F7568572}.Release|Any CPU.ActiveCfg = Release|Any CPU
		{5AAD4FEA-81C5-4209-B8E4-7834F7568572}.Release|Any CPU.Build.0 = Release|Any CPU
	EndGlobalSection
	GlobalSection(SolutionProperties) = preSolution
		HideSolutionNode = FALSE
	EndGlobalSection
	GlobalSection(ExtensibilityGlobals) = postSolution
		SolutionGuid = {CAB98FA2-B8E4-4F30-9AD2-110FBF08C1B4}
	EndGlobalSection
EndGlobal
